
Microsoft Visual Studio Solution File, Format Version 12.00
# Visual Studio Version 17
VisualStudioVersion = 17.9.34607.119
MinimumVisualStudioVersion = 10.0.40219.1
Project("{FAE04EC0-301F-11D3-BF4B-00C04F79EFBC}") = "EJERCICICO_CLASE", "EJERCICICO_CLASE\EJERCICICO_CLASE.csproj", "{4479FCCC-0E2B-4DDB-A386-C9966CAD9788}"
EndProject
Project("{FAE04EC0-301F-11D3-BF4B-00C04F79EFBC}") = "2ejercicio", "2ejercicio\2ejercicio.csproj", "{FDC05379-7DA6-4690-867C-F3CF540D3708}"
EndProject
Project("{FAE04EC0-301F-11D3-BF4B-00C04F79EFBC}") = "Ejecicio3", "Ejecicio3\Ejecicio3.csproj", "{788F8230-48BA-486D-82C3-DF6491D49E46}"
EndProject
Global
	GlobalSection(SolutionConfigurationPlatforms) = preSolution
		Debug|Any CPU = Debug|Any CPU
		Release|Any CPU = Release|Any CPU
	EndGlobalSection
	GlobalSection(ProjectConfigurationPlatforms) = postSolution
		{4479FCCC-0E2B-4DDB-A386-C9966CAD9788}.Debug|Any CPU.ActiveCfg = Debug|Any CPU
		{4479FCCC-0E2B-4DDB-A386-C9966CAD9788}.Debug|Any CPU.Build.0 = Debug|Any CPU
		{4479FCCC-0E2B-4DDB-A386-C9966CAD9788}.Release|Any CPU.ActiveCfg = Release|Any CPU
		{4479FCCC-0E2B-4DDB-A386-C9966CAD9788}.Release|Any CPU.Build.0 = Release|Any CPU
		{FDC05379-7DA6-4690-867C-F3CF540D3708}.Debug|Any CPU.ActiveCfg = Debug|Any CPU
		{FDC05379-7DA6-4690-867C-F3CF540D3708}.Debug|Any CPU.Build.0 = Debug|Any CPU
		{FDC05379-7DA6-4690-867C-F3CF540D3708}.Release|Any CPU.ActiveCfg = Release|Any CPU
		{FDC05379-7DA6-4690-867C-F3CF540D3708}.Release|Any CPU.Build.0 = Release|Any CPU
		{788F8230-48BA-486D-82C3-DF6491D49E46}.Debug|Any CPU.ActiveCfg = Debug|Any CPU
		{788F8230-48BA-486D-82C3-DF6491D49E46}.Debug|Any CPU.Build.0 = Debug|Any CPU
		{788F8230-48BA-486D-82C3-DF6491D49E46}.Release|Any CPU.ActiveCfg = Release|Any CPU
		{788F8230-48BA-486D-82C3-DF6491D49E46}.Release|Any CPU.Build.0 = Release|Any CPU
	EndGlobalSection
	GlobalSection(SolutionProperties) = preSolution
		HideSolutionNode = FALSE
	EndGlobalSection
	GlobalSection(ExtensibilityGlobals) = postSolution
		SolutionGuid = {6DECAB32-B7DB-43C6-9CF1-E26AC74CC7EA}
	EndGlobalSection
EndGlobal
